
Microsoft Visual Studio Solution File, Format Version 12.00
# Visual Studio Version 17
VisualStudioVersion = 17.11.35219.272
MinimumVisualStudioVersion = 10.0.40219.1
Project("{FAE04EC0-301F-11D3-BF4B-00C04F79EFBC}") = "FrontEnd", "FrontEnd\FrontEnd.csproj", "{24BC1B1D-43FE-45F1-BE95-C892308EB954}"
EndProject
Project("{FAE04EC0-301F-11D3-BF4B-00C04F79EFBC}") = "BackEnd", "BackEnd\BackEnd.csproj", "{8743C2DC-D543-47F8-A3B9-D1B0173462B5}"
EndProject
Global
	GlobalSection(SolutionConfigurationPlatforms) = preSolution
		Debug|Any CPU = Debug|Any CPU
		Release|Any CPU = Release|Any CPU
	EndGlobalSection
	GlobalSection(ProjectConfigurationPlatforms) = postSolution
		{24BC1B1D-43FE-45F1-BE95-C892308EB954}.Debug|Any CPU.ActiveCfg = Debug|Any CPU
		{24BC1B1D-43FE-45F1-BE95-C892308EB954}.Debug|Any CPU.Build.0 = Debug|Any CPU
		{24BC1B1D-43FE-45F1-BE95-C892308EB954}.Release|Any CPU.ActiveCfg = Release|Any CPU
		{24BC1B1D-43FE-45F1-BE95-C892308EB954}.Release|Any CPU.Build.0 = Release|Any CPU
		{8743C2DC-D543-47F8-A3B9-D1B0173462B5}.Debug|Any CPU.ActiveCfg = Debug|Any CPU
		{8743C2DC-D543-47F8-A3B9-D1B0173462B5}.Debug|Any CPU.Build.0 = Debug|Any CPU
		{8743C2DC-D543-47F8-A3B9-D1B0173462B5}.Release|Any CPU.ActiveCfg = Release|Any CPU
		{8743C2DC-D543-47F8-A3B9-D1B0173462B5}.Release|Any CPU.Build.0 = Release|Any CPU
	EndGlobalSection
	GlobalSection(SolutionProperties) = preSolution
		HideSolutionNode = FALSE
	EndGlobalSection
	GlobalSection(ExtensibilityGlobals) = postSolution
		SolutionGuid = {0AA01C8D-9A3A-4984-9BC4-51499E605D59}
	EndGlobalSection
EndGlobal
